
Microsoft Visual Studio Solution File, Format Version 12.00
# Visual Studio Version 17
VisualStudioVersion = 17.14.36203.30
MinimumVisualStudioVersion = 10.0.40219.1
Project("{FAE04EC0-301F-11D3-BF4B-00C04F79EFBC}") = "Tests", "Tests\Tests.csproj", "{0E780081-B326-4500-86A7-99E4355447B1}"
EndProject
Project("{FAE04EC0-301F-11D3-BF4B-00C04F79EFBC}") = "Main", "Sources\Main\Main.csproj", "{945FE2EB-D2B6-20F9-CCE7-63CCF0A2079E}"
EndProject
Project("{FAE04EC0-301F-11D3-BF4B-00C04F79EFBC}") = "Benchmarks", "Sources\Benchmark\Benchmarks.csproj", "{70B4CEFB-8FE1-74B4-0D78-678F5BA7E49D}"
EndProject
Project("{FAE04EC0-301F-11D3-BF4B-00C04F79EFBC}") = "AotSmokeTest", "Sources\AotSmokeTest\AotSmokeTest.csproj", "{A07F2E10-DB02-4C8F-A0BC-B9B7E5C123F8}"
EndProject
Project("{2150E333-8FDC-42A3-9474-1A3956D46DE8}") = "items", "items", "{02EA681E-C7D8-13C7-8484-4AC65E1B71E8}"
	ProjectSection(SolutionItems) = preProject
		Directory.Build.props = Directory.Build.props
		Directory.Packages.props = Directory.Packages.props
	EndProjectSection
EndProject
Project("{FAE04EC0-301F-11D3-BF4B-00C04F79EFBC}") = "UI", "UI\UI.csproj", "{1649DC51-2CF6-441C-B0E7-79DCB929F382}"
EndProject
Project("{FAE04EC0-301F-11D3-BF4B-00C04F79EFBC}") = "UnitySwarmServer", "Demo\Unity\UnitySwarmServer.csproj", "{2CA665FA-204F-A81D-0F4C-FB977382DE26}"
EndProject
Project("{2150E333-8FDC-42A3-9474-1A3956D46DE8}") = "Demo", "Demo", "{A39C23D2-F2C0-258D-165A-CF1E7FEE6E7B}"
EndProject
Project("{FAE04EC0-301F-11D3-BF4B-00C04F79EFBC}") = "Gpt2ConsoleDemo", "Demo\Gpt2ConsoleDemo\Gpt2ConsoleDemo.csproj", "{E44425B4-DF60-4B4D-9679-52A172ED8330}"
EndProject
Project("{2150E333-8FDC-42A3-9474-1A3956D46DE8}") = "Sources", "Sources", "{C16B2082-E6A6-C480-36D0-FC08AA18D453}"
EndProject
Project("{FAE04EC0-301F-11D3-BF4B-00C04F79EFBC}") = "AnomalyConsoleDemo", "Demo\AnomalyConsoleDemo\AnomalyConsoleDemo.csproj", "{78645F59-A3AA-8A4F-0689-52309523FCB5}"
EndProject
Project("{FAE04EC0-301F-11D3-BF4B-00C04F79EFBC}") = "AgentDemo", "Demo\AgentDemo\AgentDemo.csproj", "{829BADE6-8AD0-466E-B635-D5E32B71F8B8}"
EndProject
Project("{FAE04EC0-301F-11D3-BF4B-00C04F79EFBC}") = "Overfit.LocalAgent.AspNet", "Demo\Overfit.LocalAgent.AspNet\Overfit.LocalAgent.AspNet.csproj", "{C3F4E1B2-7A8D-4E9F-A1B5-2D6C8E7F9A0B}"
EndProject
Global
	GlobalSection(SolutionConfigurationPlatforms) = preSolution
		Debug|Any CPU = Debug|Any CPU
		Debug|x64 = Debug|x64
		Debug|x86 = Debug|x86
		Release|Any CPU = Release|Any CPU
		Release|x64 = Release|x64
		Release|x86 = Release|x86
	EndGlobalSection
	GlobalSection(ProjectConfigurationPlatforms) = postSolution
		{0E780081-B326-4500-86A7-99E4355447B1}.Debug|Any CPU.ActiveCfg = Debug|Any CPU
		{0E780081-B326-4500-86A7-99E4355447B1}.Debug|Any CPU.Build.0 = Debug|Any CPU
		{0E780081-B326-4500-86A7-99E4355447B1}.Debug|x64.ActiveCfg = Debug|Any CPU
		{0E780081-B326-4500-86A7-99E4355447B1}.Debug|x64.Build.0 = Debug|Any CPU
		{0E780081-B326-4500-86A7-99E4355447B1}.Debug|x86.ActiveCfg = Debug|Any CPU
		{0E780081-B326-4500-86A7-99E4355447B1}.Debug|x86.Build.0 = Debug|Any CPU
		{0E780081-B326-4500-86A7-99E4355447B1}.Release|Any CPU.ActiveCfg = Release|Any CPU
		{0E780081-B326-4500-86A7-99E4355447B1}.Release|Any CPU.Build.0 = Release|Any CPU
		{0E780081-B326-4500-86A7-99E4355447B1}.Release|x64.ActiveCfg = Release|Any CPU
		{0E780081-B326-4500-86A7-99E4355447B1}.Release|x64.Build.0 = Release|Any CPU
		{0E780081-B326-4500-86A7-99E4355447B1}.Release|x86.ActiveCfg = Release|Any CPU
		{0E780081-B326-4500-86A7-99E4355447B1}.Release|x86.Build.0 = Release|Any CPU
		{945FE2EB-D2B6-20F9-CCE7-63CCF0A2079E}.Debug|Any CPU.ActiveCfg = Debug|Any CPU
		{945FE2EB-D2B6-20F9-CCE7-63CCF0A2079E}.Debug|Any CPU.Build.0 = Debug|Any CPU
		{945FE2EB-D2B6-20F9-CCE7-63CCF0A2079E}.Debug|x64.ActiveCfg = Debug|Any CPU
		{945FE2EB-D2B6-20F9-CCE7-63CCF0A2079E}.Debug|x64.Build.0 = Debug|Any CPU
		{945FE2EB-D2B6-20F9-CCE7-63CCF0A2079E}.Debug|x86.ActiveCfg = Debug|Any CPU
		{945FE2EB-D2B6-20F9-CCE7-63CCF0A2079E}.Debug|x86.Build.0 = Debug|Any CPU
		{945FE2EB-D2B6-20F9-CCE7-63CCF0A2079E}.Release|Any CPU.ActiveCfg = Release|Any CPU
		{945FE2EB-D2B6-20F9-CCE7-63CCF0A2079E}.Release|Any CPU.Build.0 = Release|Any CPU
		{945FE2EB-D2B6-20F9-CCE7-63CCF0A2079E}.Release|x64.ActiveCfg = Release|Any CPU
		{945FE2EB-D2B6-20F9-CCE7-63CCF0A2079E}.Release|x64.Build.0 = Release|Any CPU
		{945FE2EB-D2B6-20F9-CCE7-63CCF0A2079E}.Release|x86.ActiveCfg = Release|Any CPU
		{945FE2EB-D2B6-20F9-CCE7-63CCF0A2079E}.Release|x86.Build.0 = Release|Any CPU
		{70B4CEFB-8FE1-74B4-0D78-678F5BA7E49D}.Debug|Any CPU.ActiveCfg = Debug|Any CPU
		{70B4CEFB-8FE1-74B4-0D78-678F5BA7E49D}.Debug|Any CPU.Build.0 = Debug|Any CPU
		{70B4CEFB-8FE1-74B4-0D78-678F5BA7E49D}.Debug|x64.ActiveCfg = Debug|Any CPU
		{70B4CEFB-8FE1-74B4-0D78-678F5BA7E49D}.Debug|x64.Build.0 = Debug|Any CPU
		{70B4CEFB-8FE1-74B4-0D78-678F5BA7E49D}.Debug|x86.ActiveCfg = Debug|Any CPU
		{70B4CEFB-8FE1-74B4-0D78-678F5BA7E49D}.Debug|x86.Build.0 = Debug|Any CPU
		{70B4CEFB-8FE1-74B4-0D78-678F5BA7E49D}.Release|Any CPU.ActiveCfg = Release|Any CPU
		{70B4CEFB-8FE1-74B4-0D78-678F5BA7E49D}.Release|Any CPU.Build.0 = Release|Any CPU
		{70B4CEFB-8FE1-74B4-0D78-678F5BA7E49D}.Release|x64.ActiveCfg = Release|Any CPU
		{70B4CEFB-8FE1-74B4-0D78-678F5BA7E49D}.Release|x64.Build.0 = Release|Any CPU
		{70B4CEFB-8FE1-74B4-0D78-678F5BA7E49D}.Release|x86.ActiveCfg = Release|Any CPU
		{70B4CEFB-8FE1-74B4-0D78-678F5BA7E49D}.Release|x86.Build.0 = Release|Any CPU
		{1649DC51-2CF6-441C-B0E7-79DCB929F382}.Debug|Any CPU.ActiveCfg = Debug|Any CPU
		{1649DC51-2CF6-441C-B0E7-79DCB929F382}.Debug|Any CPU.Build.0 = Debug|Any CPU
		{1649DC51-2CF6-441C-B0E7-79DCB929F382}.Debug|x64.ActiveCfg = Debug|Any CPU
		{1649DC51-2CF6-441C-B0E7-79DCB929F382}.Debug|x64.Build.0 = Debug|Any CPU
		{1649DC51-2CF6-441C-B0E7-79DCB929F382}.Debug|x86.ActiveCfg = Debug|Any CPU
		{1649DC51-2CF6-441C-B0E7-79DCB929F382}.Debug|x86.Build.0 = Debug|Any CPU
		{1649DC51-2CF6-441C-B0E7-79DCB929F382}.Release|Any CPU.ActiveCfg = Release|Any CPU
		{1649DC51-2CF6-441C-B0E7-79DCB929F382}.Release|Any CPU.Build.0 = Release|Any CPU
		{1649DC51-2CF6-441C-B0E7-79DCB929F382}.Release|x64.ActiveCfg = Release|Any CPU
		{1649DC51-2CF6-441C-B0E7-79DCB929F382}.Release|x64.Build.0 = Release|Any CPU
		{1649DC51-2CF6-441C-B0E7-79DCB929F382}.Release|x86.ActiveCfg = Release|Any CPU
		{1649DC51-2CF6-441C-B0E7-79DCB929F382}.Release|x86.Build.0 = Release|Any CPU
		{2CA665FA-204F-A81D-0F4C-FB977382DE26}.Debug|Any CPU.ActiveCfg = Debug|Any CPU
		{2CA665FA-204F-A81D-0F4C-FB977382DE26}.Debug|Any CPU.Build.0 = Debug|Any CPU
		{2CA665FA-204F-A81D-0F4C-FB977382DE26}.Debug|x64.ActiveCfg = Debug|Any CPU
		{2CA665FA-204F-A81D-0F4C-FB977382DE26}.Debug|x64.Build.0 = Debug|Any CPU
		{2CA665FA-204F-A81D-0F4C-FB977382DE26}.Debug|x86.ActiveCfg = Debug|Any CPU
		{2CA665FA-204F-A81D-0F4C-FB977382DE26}.Debug|x86.Build.0 = Debug|Any CPU
		{2CA665FA-204F-A81D-0F4C-FB977382DE26}.Release|Any CPU.ActiveCfg = Release|Any CPU
		{2CA665FA-204F-A81D-0F4C-FB977382DE26}.Release|Any CPU.Build.0 = Release|Any CPU
		{2CA665FA-204F-A81D-0F4C-FB977382DE26}.Release|x64.ActiveCfg = Release|Any CPU
		{2CA665FA-204F-A81D-0F4C-FB977382DE26}.Release|x64.Build.0 = Release|Any CPU
		{2CA665FA-204F-A81D-0F4C-FB977382DE26}.Release|x86.ActiveCfg = Release|Any CPU
		{2CA665FA-204F-A81D-0F4C-FB977382DE26}.Release|x86.Build.0 = Release|Any CPU
		{E44425B4-DF60-4B4D-9679-52A172ED8330}.Debug|Any CPU.ActiveCfg = Debug|Any CPU
		{E44425B4-DF60-4B4D-9679-52A172ED8330}.Debug|Any CPU.Build.0 = Debug|Any CPU
		{E44425B4-DF60-4B4D-9679-52A172ED8330}.Debug|x64.ActiveCfg = Debug|Any CPU
		{E44425B4-DF60-4B4D-9679-52A172ED8330}.Debug|x64.Build.0 = Debug|Any CPU
		{E44425B4-DF60-4B4D-9679-52A172ED8330}.Debug|x86.ActiveCfg = Debug|Any CPU
		{E44425B4-DF60-4B4D-9679-52A172ED8330}.Debug|x86.Build.0 = Debug|Any CPU
		{E44425B4-DF60-4B4D-9679-52A172ED8330}.Release|Any CPU.ActiveCfg = Release|Any CPU
		{E44425B4-DF60-4B4D-9679-52A172ED8330}.Release|Any CPU.Build.0 = Release|Any CPU
		{E44425B4-DF60-4B4D-9679-52A172ED8330}.Release|x64.ActiveCfg = Release|Any CPU
		{E44425B4-DF60-4B4D-9679-52A172ED8330}.Release|x64.Build.0 = Release|Any CPU
		{E44425B4-DF60-4B4D-9679-52A172ED8330}.Release|x86.ActiveCfg = Release|Any CPU
		{E44425B4-DF60-4B4D-9679-52A172ED8330}.Release|x86.Build.0 = Release|Any CPU
		{78645F59-A3AA-8A4F-0689-52309523FCB5}.Debug|Any CPU.ActiveCfg = Debug|Any CPU
		{78645F59-A3AA-8A4F-0689-52309523FCB5}.Debug|Any CPU.Build.0 = Debug|Any CPU
		{78645F59-A3AA-8A4F-0689-52309523FCB5}.Debug|x64.ActiveCfg = Debug|Any CPU
		{78645F59-A3AA-8A4F-0689-52309523FCB5}.Debug|x64.Build.0 = Debug|Any CPU
		{78645F59-A3AA-8A4F-0689-52309523FCB5}.Debug|x86.ActiveCfg = Debug|Any CPU
		{78645F59-A3AA-8A4F-0689-52309523FCB5}.Debug|x86.Build.0 = Debug|Any CPU
		{78645F59-A3AA-8A4F-0689-52309523FCB5}.Release|Any CPU.ActiveCfg = Release|Any CPU
		{78645F59-A3AA-8A4F-0689-52309523FCB5}.Release|Any CPU.Build.0 = Release|Any CPU
		{78645F59-A3AA-8A4F-0689-52309523FCB5}.Release|x64.ActiveCfg = Release|Any CPU
		{78645F59-A3AA-8A4F-0689-52309523FCB5}.Release|x64.Build.0 = Release|Any CPU
		{78645F59-A3AA-8A4F-0689-52309523FCB5}.Release|x86.ActiveCfg = Release|Any CPU
		{78645F59-A3AA-8A4F-0689-52309523FCB5}.Release|x86.Build.0 = Release|Any CPU
		{829BADE6-8AD0-466E-B635-D5E32B71F8B8}.Debug|Any CPU.ActiveCfg = Debug|Any CPU
		{829BADE6-8AD0-466E-B635-D5E32B71F8B8}.Debug|Any CPU.Build.0 = Debug|Any CPU
		{829BADE6-8AD0-466E-B635-D5E32B71F8B8}.Debug|x64.ActiveCfg = Debug|Any CPU
		{829BADE6-8AD0-466E-B635-D5E32B71F8B8}.Debug|x64.Build.0 = Debug|Any CPU
		{829BADE6-8AD0-466E-B635-D5E32B71F8B8}.Debug|x86.ActiveCfg = Debug|Any CPU
		{829BADE6-8AD0-466E-B635-D5E32B71F8B8}.Debug|x86.Build.0 = Debug|Any CPU
		{829BADE6-8AD0-466E-B635-D5E32B71F8B8}.Release|Any CPU.ActiveCfg = Release|Any CPU
		{829BADE6-8AD0-466E-B635-D5E32B71F8B8}.Release|Any CPU.Build.0 = Release|Any CPU
		{829BADE6-8AD0-466E-B635-D5E32B71F8B8}.Release|x64.ActiveCfg = Release|Any CPU
		{829BADE6-8AD0-466E-B635-D5E32B71F8B8}.Release|x64.Build.0 = Release|Any CPU
		{829BADE6-8AD0-466E-B635-D5E32B71F8B8}.Release|x86.ActiveCfg = Release|Any CPU
		{829BADE6-8AD0-466E-B635-D5E32B71F8B8}.Release|x86.Build.0 = Release|Any CPU
		{A07F2E10-DB02-4C8F-A0BC-B9B7E5C123F8}.Debug|Any CPU.ActiveCfg = Debug|Any CPU
		{A07F2E10-DB02-4C8F-A0BC-B9B7E5C123F8}.Debug|Any CPU.Build.0 = Debug|Any CPU
		{A07F2E10-DB02-4C8F-A0BC-B9B7E5C123F8}.Debug|x64.ActiveCfg = Debug|Any CPU
		{A07F2E10-DB02-4C8F-A0BC-B9B7E5C123F8}.Debug|x64.Build.0 = Debug|Any CPU
		{A07F2E10-DB02-4C8F-A0BC-B9B7E5C123F8}.Debug|x86.ActiveCfg = Debug|Any CPU
		{A07F2E10-DB02-4C8F-A0BC-B9B7E5C123F8}.Debug|x86.Build.0 = Debug|Any CPU
		{A07F2E10-DB02-4C8F-A0BC-B9B7E5C123F8}.Release|Any CPU.ActiveCfg = Release|Any CPU
		{A07F2E10-DB02-4C8F-A0BC-B9B7E5C123F8}.Release|Any CPU.Build.0 = Release|Any CPU
		{A07F2E10-DB02-4C8F-A0BC-B9B7E5C123F8}.Release|x64.ActiveCfg = Release|Any CPU
		{A07F2E10-DB02-4C8F-A0BC-B9B7E5C123F8}.Release|x64.Build.0 = Release|Any CPU
		{A07F2E10-DB02-4C8F-A0BC-B9B7E5C123F8}.Release|x86.ActiveCfg = Release|Any CPU
		{A07F2E10-DB02-4C8F-A0BC-B9B7E5C123F8}.Release|x86.Build.0 = Release|Any CPU
		{C3F4E1B2-7A8D-4E9F-A1B5-2D6C8E7F9A0B}.Debug|Any CPU.ActiveCfg = Debug|Any CPU
		{C3F4E1B2-7A8D-4E9F-A1B5-2D6C8E7F9A0B}.Debug|Any CPU.Build.0 = Debug|Any CPU
		{C3F4E1B2-7A8D-4E9F-A1B5-2D6C8E7F9A0B}.Debug|x64.ActiveCfg = Debug|Any CPU
		{C3F4E1B2-7A8D-4E9F-A1B5-2D6C8E7F9A0B}.Debug|x64.Build.0 = Debug|Any CPU
		{C3F4E1B2-7A8D-4E9F-A1B5-2D6C8E7F9A0B}.Debug|x86.ActiveCfg = Debug|Any CPU
		{C3F4E1B2-7A8D-4E9F-A1B5-2D6C8E7F9A0B}.Debug|x86.Build.0 = Debug|Any CPU
		{C3F4E1B2-7A8D-4E9F-A1B5-2D6C8E7F9A0B}.Release|Any CPU.ActiveCfg = Release|Any CPU
		{C3F4E1B2-7A8D-4E9F-A1B5-2D6C8E7F9A0B}.Release|Any CPU.Build.0 = Release|Any CPU
		{C3F4E1B2-7A8D-4E9F-A1B5-2D6C8E7F9A0B}.Release|x64.ActiveCfg = Release|Any CPU
		{C3F4E1B2-7A8D-4E9F-A1B5-2D6C8E7F9A0B}.Release|x64.Build.0 = Release|Any CPU
		{C3F4E1B2-7A8D-4E9F-A1B5-2D6C8E7F9A0B}.Release|x86.ActiveCfg = Release|Any CPU
		{C3F4E1B2-7A8D-4E9F-A1B5-2D6C8E7F9A0B}.Release|x86.Build.0 = Release|Any CPU
	EndGlobalSection
	GlobalSection(SolutionProperties) = preSolution
		HideSolutionNode = FALSE
	EndGlobalSection
	GlobalSection(NestedProjects) = preSolution
		{2CA665FA-204F-A81D-0F4C-FB977382DE26} = {A39C23D2-F2C0-258D-165A-CF1E7FEE6E7B}
		{E44425B4-DF60-4B4D-9679-52A172ED8330} = {A39C23D2-F2C0-258D-165A-CF1E7FEE6E7B}
		{78645F59-A3AA-8A4F-0689-52309523FCB5} = {A39C23D2-F2C0-258D-165A-CF1E7FEE6E7B}
		{829BADE6-8AD0-466E-B635-D5E32B71F8B8} = {A39C23D2-F2C0-258D-165A-CF1E7FEE6E7B}
		{C3F4E1B2-7A8D-4E9F-A1B5-2D6C8E7F9A0B} = {A39C23D2-F2C0-258D-165A-CF1E7FEE6E7B}
	EndGlobalSection
	GlobalSection(ExtensibilityGlobals) = postSolution
		SolutionGuid = {BA2BD1EA-6751-4F79-9C98-5CDC55F123BC}
	EndGlobalSection
EndGlobal
